
Microsoft Visual Studio Solution File, Format Version 12.00
# Visual Studio Version 17
VisualStudioVersion = 17.5.002.0
MinimumVisualStudioVersion = 10.0.40219.1
Project("{2150E333-8FDC-42A3-9474-1A3956D46DE8}") = "2021", "2021", "{F54C8A70-AECA-4245-AEF7-363A4D338BA4}"
EndProject
Project("{9A19103F-16F7-4668-BE54-9A1E7A4F7556}") = "01-01", "2021\01-01\01-01.csproj", "{E04AD2B8-FEDE-48E5-919A-85040821186D}"
EndProject
Project("{9A19103F-16F7-4668-BE54-9A1E7A4F7556}") = "01-02", "2021\01-02\01-02.csproj", "{7783713B-4542-47D4-8E70-B1B493F29B4B}"
EndProject
Project("{9A19103F-16F7-4668-BE54-9A1E7A4F7556}") = "02-01", "2021\02-01\02-01.csproj", "{27A691FD-3273-418B-8338-FCE6F620BE6C}"
EndProject
Project("{2150E333-8FDC-42A3-9474-1A3956D46DE8}") = "2022", "2022", "{F5DD5FA7-4541-4F4E-AC85-5231628C81B6}"
EndProject
Project("{2150E333-8FDC-42A3-9474-1A3956D46DE8}") = "dotnet", "dotnet", "{BC92EC72-26C3-4032-81DE-6C2C14930561}"
EndProject
Project("{9A19103F-16F7-4668-BE54-9A1E7A4F7556}") = "dotnet", "2022\dotnet\day-01-calorie-counting\dotnet.csproj", "{EB403C05-D9D2-49CD-8452-7309F1BDEF71}"
EndProject
Project("{9A19103F-16F7-4668-BE54-9A1E7A4F7556}") = "day-02", "2022\dotnet\day-02-rocks-paper-scissors\day-02.csproj", "{4D8D5CF4-653E-4DC1-A2E9-70E122CE112B}"
EndProject
Project("{9A19103F-16F7-4668-BE54-9A1E7A4F7556}") = "day-03", "2022\dotnet\day-03-rucksack-reorganization\day-03.csproj", "{E09B786D-6D67-40D4-94DC-40E3B09578B2}"
EndProject
Project("{9A19103F-16F7-4668-BE54-9A1E7A4F7556}") = "day-04", "2022\dotnet\day-04-camp-cleanup\day-04.csproj", "{3CACC20B-8DC4-4B68-9278-0236B00635B9}"
EndProject
Project("{9A19103F-16F7-4668-BE54-9A1E7A4F7556}") = "Day05", "2022\dotnet\day-05-supply-stacks\Day05.csproj", "{17A7571F-9A08-45B4-B117-01DBD076A176}"
EndProject
Project("{9A19103F-16F7-4668-BE54-9A1E7A4F7556}") = "Day06", "2022\dotnet\day-06-tuning-trouble\Day06.csproj", "{7FCBFD09-FAF7-4FBB-8723-E18DAFA5D2F5}"
EndProject
Project("{9A19103F-16F7-4668-BE54-9A1E7A4F7556}") = "Day07", "2022\dotnet\day-07-no-space-left-on-device\Day07.csproj", "{CBAA5A26-6BB0-4853-9203-015250DA224E}"
EndProject
Project("{9A19103F-16F7-4668-BE54-9A1E7A4F7556}") = "Day08", "2022\dotnet\day-08-treetop-tree-house\Day08.csproj", "{74CF1C07-5366-4329-8964-D09B00552E42}"
EndProject
Project("{9A19103F-16F7-4668-BE54-9A1E7A4F7556}") = "Day09", "2022\dotnet\day-09-rope-bridge\Day09.csproj", "{B7C86279-39E9-4675-8CE3-07B5F2DA6D2F}"
EndProject
Project("{9A19103F-16F7-4668-BE54-9A1E7A4F7556}") = "Day10", "2022\dotnet\day-10-cathode-ray-tube\Day10.csproj", "{BE46E968-9697-42FB-82AB-7482BBA9E105}"
EndProject
Project("{9A19103F-16F7-4668-BE54-9A1E7A4F7556}") = "Day11", "2022\dotnet\day-11-monkey-in-the-middle\Day11.csproj", "{7AE83A46-CD7E-4FDD-B0E9-09C466FBC429}"
EndProject
Project("{9A19103F-16F7-4668-BE54-9A1E7A4F7556}") = "Day12", "2022\dotnet\day-12-hill-climbing-algorithm\Day12.csproj", "{6891AD7D-E0A4-4F3E-ADB3-555AC8077044}"
EndProject
Global
	GlobalSection(SolutionConfigurationPlatforms) = preSolution
		Debug|Any CPU = Debug|Any CPU
		Release|Any CPU = Release|Any CPU
	EndGlobalSection
	GlobalSection(ProjectConfigurationPlatforms) = postSolution
		{E04AD2B8-FEDE-48E5-919A-85040821186D}.Debug|Any CPU.ActiveCfg = Debug|Any CPU
		{E04AD2B8-FEDE-48E5-919A-85040821186D}.Debug|Any CPU.Build.0 = Debug|Any CPU
		{E04AD2B8-FEDE-48E5-919A-85040821186D}.Release|Any CPU.ActiveCfg = Release|Any CPU
		{E04AD2B8-FEDE-48E5-919A-85040821186D}.Release|Any CPU.Build.0 = Release|Any CPU
		{7783713B-4542-47D4-8E70-B1B493F29B4B}.Debug|Any CPU.ActiveCfg = Debug|Any CPU
		{7783713B-4542-47D4-8E70-B1B493F29B4B}.Debug|Any CPU.Build.0 = Debug|Any CPU
		{7783713B-4542-47D4-8E70-B1B493F29B4B}.Release|Any CPU.ActiveCfg = Release|Any CPU
		{7783713B-4542-47D4-8E70-B1B493F29B4B}.Release|Any CPU.Build.0 = Release|Any CPU
		{27A691FD-3273-418B-8338-FCE6F620BE6C}.Debug|Any CPU.ActiveCfg = Debug|Any CPU
		{27A691FD-3273-418B-8338-FCE6F620BE6C}.Debug|Any CPU.Build.0 = Debug|Any CPU
		{27A691FD-3273-418B-8338-FCE6F620BE6C}.Release|Any CPU.ActiveCfg = Release|Any CPU
		{27A691FD-3273-418B-8338-FCE6F620BE6C}.Release|Any CPU.Build.0 = Release|Any CPU
		{EB403C05-D9D2-49CD-8452-7309F1BDEF71}.Debug|Any CPU.ActiveCfg = Debug|Any CPU
		{EB403C05-D9D2-49CD-8452-7309F1BDEF71}.Debug|Any CPU.Build.0 = Debug|Any CPU
		{EB403C05-D9D2-49CD-8452-7309F1BDEF71}.Release|Any CPU.ActiveCfg = Release|Any CPU
		{EB403C05-D9D2-49CD-8452-7309F1BDEF71}.Release|Any CPU.Build.0 = Release|Any CPU
		{4D8D5CF4-653E-4DC1-A2E9-70E122CE112B}.Debug|Any CPU.ActiveCfg = Debug|Any CPU
		{4D8D5CF4-653E-4DC1-A2E9-70E122CE112B}.Debug|Any CPU.Build.0 = Debug|Any CPU
		{4D8D5CF4-653E-4DC1-A2E9-70E122CE112B}.Release|Any CPU.ActiveCfg = Release|Any CPU
		{4D8D5CF4-653E-4DC1-A2E9-70E122CE112B}.Release|Any CPU.Build.0 = Release|Any CPU
		{E09B786D-6D67-40D4-94DC-40E3B09578B2}.Debug|Any CPU.ActiveCfg = Debug|Any CPU
		{E09B786D-6D67-40D4-94DC-40E3B09578B2}.Debug|Any CPU.Build.0 = Debug|Any CPU
		{E09B786D-6D67-40D4-94DC-40E3B09578B2}.Release|Any CPU.ActiveCfg = Release|Any CPU
		{E09B786D-6D67-40D4-94DC-40E3B09578B2}.Release|Any CPU.Build.0 = Release|Any CPU
		{3CACC20B-8DC4-4B68-9278-0236B00635B9}.Debug|Any CPU.ActiveCfg = Debug|Any CPU
		{3CACC20B-8DC4-4B68-9278-0236B00635B9}.Debug|Any CPU.Build.0 = Debug|Any CPU
		{3CACC20B-8DC4-4B68-9278-0236B00635B9}.Release|Any CPU.ActiveCfg = Release|Any CPU
		{3CACC20B-8DC4-4B68-9278-0236B00635B9}.Release|Any CPU.Build.0 = Release|Any CPU
		{17A7571F-9A08-45B4-B117-01DBD076A176}.Debug|Any CPU.ActiveCfg = Debug|Any CPU
		{17A7571F-9A08-45B4-B117-01DBD076A176}.Debug|Any CPU.Build.0 = Debug|Any CPU
		{17A7571F-9A08-45B4-B117-01DBD076A176}.Release|Any CPU.ActiveCfg = Release|Any CPU
		{17A7571F-9A08-45B4-B117-01DBD076A176}.Release|Any CPU.Build.0 = Release|Any CPU
		{7FCBFD09-FAF7-4FBB-8723-E18DAFA5D2F5}.Debug|Any CPU.ActiveCfg = Debug|Any CPU
		{7FCBFD09-FAF7-4FBB-8723-E18DAFA5D2F5}.Debug|Any CPU.Build.0 = Debug|Any CPU
		{7FCBFD09-FAF7-4FBB-8723-E18DAFA5D2F5}.Release|Any CPU.ActiveCfg = Release|Any CPU
		{7FCBFD09-FAF7-4FBB-8723-E18DAFA5D2F5}.Release|Any CPU.Build.0 = Release|Any CPU
		{CBAA5A26-6BB0-4853-9203-015250DA224E}.Debug|Any CPU.ActiveCfg = Debug|Any CPU
		{CBAA5A26-6BB0-4853-9203-015250DA224E}.Debug|Any CPU.Build.0 = Debug|Any CPU
		{CBAA5A26-6BB0-4853-9203-015250DA224E}.Release|Any CPU.ActiveCfg = Release|Any CPU
		{CBAA5A26-6BB0-4853-9203-015250DA224E}.Release|Any CPU.Build.0 = Release|Any CPU
		{74CF1C07-5366-4329-8964-D09B00552E42}.Debug|Any CPU.ActiveCfg = Debug|Any CPU
		{74CF1C07-5366-4329-8964-D09B00552E42}.Debug|Any CPU.Build.0 = Debug|Any CPU
		{74CF1C07-5366-4329-8964-D09B00552E42}.Release|Any CPU.ActiveCfg = Release|Any CPU
		{74CF1C07-5366-4329-8964-D09B00552E42}.Release|Any CPU.Build.0 = Release|Any CPU
		{B7C86279-39E9-4675-8CE3-07B5F2DA6D2F}.Debug|Any CPU.ActiveCfg = Debug|Any CPU
		{B7C86279-39E9-4675-8CE3-07B5F2DA6D2F}.Debug|Any CPU.Build.0 = Debug|Any CPU
		{B7C86279-39E9-4675-8CE3-07B5F2DA6D2F}.Release|Any CPU.ActiveCfg = Release|Any CPU
		{B7C86279-39E9-4675-8CE3-07B5F2DA6D2F}.Release|Any CPU.Build.0 = Release|Any CPU
		{BE46E968-9697-42FB-82AB-7482BBA9E105}.Debug|Any CPU.ActiveCfg = Debug|Any CPU
		{BE46E968-9697-42FB-82AB-7482BBA9E105}.Debug|Any CPU.Build.0 = Debug|Any CPU
		{BE46E968-9697-42FB-82AB-7482BBA9E105}.Release|Any CPU.ActiveCfg = Release|Any CPU
		{BE46E968-9697-42FB-82AB-7482BBA9E105}.Release|Any CPU.Build.0 = Release|Any CPU
		{7AE83A46-CD7E-4FDD-B0E9-09C466FBC429}.Debug|Any CPU.ActiveCfg = Debug|Any CPU
		{7AE83A46-CD7E-4FDD-B0E9-09C466FBC429}.Debug|Any CPU.Build.0 = Debug|Any CPU
		{7AE83A46-CD7E-4FDD-B0E9-09C466FBC429}.Release|Any CPU.ActiveCfg = Release|Any CPU
		{7AE83A46-CD7E-4FDD-B0E9-09C466FBC429}.Release|Any CPU.Build.0 = Release|Any CPU
		{6891AD7D-E0A4-4F3E-ADB3-555AC8077044}.Debug|Any CPU.ActiveCfg = Debug|Any CPU
		{6891AD7D-E0A4-4F3E-ADB3-555AC8077044}.Debug|Any CPU.Build.0 = Debug|Any CPU
		{6891AD7D-E0A4-4F3E-ADB3-555AC8077044}.Release|Any CPU.ActiveCfg = Release|Any CPU
		{6891AD7D-E0A4-4F3E-ADB3-555AC8077044}.Release|Any CPU.Build.0 = Release|Any CPU
	EndGlobalSection
	GlobalSection(SolutionProperties) = preSolution
		HideSolutionNode = FALSE
	EndGlobalSection
	GlobalSection(NestedProjects) = preSolution
		{E04AD2B8-FEDE-48E5-919A-85040821186D} = {F54C8A70-AECA-4245-AEF7-363A4D338BA4}
		{7783713B-4542-47D4-8E70-B1B493F29B4B} = {F54C8A70-AECA-4245-AEF7-363A4D338BA4}
		{27A691FD-3273-418B-8338-FCE6F620BE6C} = {F54C8A70-AECA-4245-AEF7-363A4D338BA4}
		{BC92EC72-26C3-4032-81DE-6C2C14930561} = {F5DD5FA7-4541-4F4E-AC85-5231628C81B6}
		{EB403C05-D9D2-49CD-8452-7309F1BDEF71} = {BC92EC72-26C3-4032-81DE-6C2C14930561}
		{4D8D5CF4-653E-4DC1-A2E9-70E122CE112B} = {BC92EC72-26C3-4032-81DE-6C2C14930561}
		{E09B786D-6D67-40D4-94DC-40E3B09578B2} = {BC92EC72-26C3-4032-81DE-6C2C14930561}
		{3CACC20B-8DC4-4B68-9278-0236B00635B9} = {BC92EC72-26C3-4032-81DE-6C2C14930561}
		{17A7571F-9A08-45B4-B117-01DBD076A176} = {BC92EC72-26C3-4032-81DE-6C2C14930561}
		{7FCBFD09-FAF7-4FBB-8723-E18DAFA5D2F5} = {BC92EC72-26C3-4032-81DE-6C2C14930561}
		{CBAA5A26-6BB0-4853-9203-015250DA224E} = {BC92EC72-26C3-4032-81DE-6C2C14930561}
		{74CF1C07-5366-4329-8964-D09B00552E42} = {BC92EC72-26C3-4032-81DE-6C2C14930561}
		{B7C86279-39E9-4675-8CE3-07B5F2DA6D2F} = {BC92EC72-26C3-4032-81DE-6C2C14930561}
		{BE46E968-9697-42FB-82AB-7482BBA9E105} = {BC92EC72-26C3-4032-81DE-6C2C14930561}
		{7AE83A46-CD7E-4FDD-B0E9-09C466FBC429} = {BC92EC72-26C3-4032-81DE-6C2C14930561}
		{6891AD7D-E0A4-4F3E-ADB3-555AC8077044} = {BC92EC72-26C3-4032-81DE-6C2C14930561}
	EndGlobalSection
	GlobalSection(ExtensibilityGlobals) = postSolution
		SolutionGuid = {418732F5-4F13-4295-87FF-87DA98FB63CC}
	EndGlobalSection
EndGlobal
